
Microsoft Visual Studio Solution File, Format Version 12.00
# Visual Studio 2012
Project("{FAE04EC0-301F-11D3-BF4B-00C04F79EFBC}") = "OpenCVTutorial", "OpenCVTutorial\OpenCVTutorial.csproj", "{E27AEC51-2049-4127-9F66-486E2A4C2028}"
	ProjectSection(ProjectDependencies) = postProject
		{B13CC571-6211-4CB9-B333-69B0B83135CC} = {B13CC571-6211-4CB9-B333-69B0B83135CC}
	EndProjectSection
EndProject
Project("{8BC9CEB8-8B4A-11D0-8D11-00A0C91BC942}") = "OpenCvClr", "OpenCvClr\OpenCvClr.vcxproj", "{B13CC571-6211-4CB9-B333-69B0B83135CC}"
EndProject
Global
	GlobalSection(SolutionConfigurationPlatforms) = preSolution
		Debug|x64 = Debug|x64
		Debug|x86 = Debug|x86
		Release|x64 = Release|x64
		Release|x86 = Release|x86
	EndGlobalSection
	GlobalSection(ProjectConfigurationPlatforms) = postSolution
		{E27AEC51-2049-4127-9F66-486E2A4C2028}.Debug|x64.ActiveCfg = Debug|x64
		{E27AEC51-2049-4127-9F66-486E2A4C2028}.Debug|x64.Build.0 = Debug|x64
		{E27AEC51-2049-4127-9F66-486E2A4C2028}.Debug|x86.ActiveCfg = Debug|x86
		{E27AEC51-2049-4127-9F66-486E2A4C2028}.Debug|x86.Build.0 = Debug|x86
		{E27AEC51-2049-4127-9F66-486E2A4C2028}.Release|x64.ActiveCfg = Release|x64
		{E27AEC51-2049-4127-9F66-486E2A4C2028}.Release|x64.Build.0 = Release|x64
		{E27AEC51-2049-4127-9F66-486E2A4C2028}.Release|x86.ActiveCfg = Release|x86
		{E27AEC51-2049-4127-9F66-486E2A4C2028}.Release|x86.Build.0 = Release|x86
		{B13CC571-6211-4CB9-B333-69B0B83135CC}.Debug|x64.ActiveCfg = Debug|x64
		{B13CC571-6211-4CB9-B333-69B0B83135CC}.Debug|x64.Build.0 = Debug|x64
		{B13CC571-6211-4CB9-B333-69B0B83135CC}.Debug|x86.ActiveCfg = Debug|Win32
		{B13CC571-6211-4CB9-B333-69B0B83135CC}.Debug|x86.Build.0 = Debug|Win32
		{B13CC571-6211-4CB9-B333-69B0B83135CC}.Release|x64.ActiveCfg = Release|x64
		{B13CC571-6211-4CB9-B333-69B0B83135CC}.Release|x64.Build.0 = Release|x64
		{B13CC571-6211-4CB9-B333-69B0B83135CC}.Release|x86.ActiveCfg = Release|Win32
		{B13CC571-6211-4CB9-B333-69B0B83135CC}.Release|x86.Build.0 = Release|Win32
	EndGlobalSection
	GlobalSection(SolutionProperties) = preSolution
		HideSolutionNode = FALSE
	EndGlobalSection
EndGlobal
